// !$*UTF8*$!
{
	archiveVersion = 1;
	classes = {
	};
	objectVersion = 56;
	objects = {

/* Begin PBXBuildFile section */
		06285814141A66B2DF3F5D53 /* Pods_muscleRecord.framework in Frameworks */ = {isa = PBXBuildFile; fileRef = AD73AA6DBC1074FEB24CF820 /* Pods_muscleRecord.framework */; };
		FD07E88229BAA4D70048E96D /* GoogleSignInButtonView.swift in Sources */ = {isa = PBXBuildFile; fileRef = FD07E88129BAA4D70048E96D /* GoogleSignInButtonView.swift */; };
		FD11925129AB6C4E00EF505D /* RecordDataStore.swift in Sources */ = {isa = PBXBuildFile; fileRef = FD11925029AB6C4E00EF505D /* RecordDataStore.swift */; };
		FD11925329AB6CCD00EF505D /* RecordViewModel.swift in Sources */ = {isa = PBXBuildFile; fileRef = FD11925229AB6CCD00EF505D /* RecordViewModel.swift */; };
		FD11925829AB7C7C00EF505D /* DateFormatHelper.swift in Sources */ = {isa = PBXBuildFile; fileRef = FD11925729AB7C7C00EF505D /* DateFormatHelper.swift */; };
		FD11925A29AB814800EF505D /* ProfileView.swift in Sources */ = {isa = PBXBuildFile; fileRef = FD11925929AB814800EF505D /* ProfileView.swift */; };
		FD583531293B7FC900340F11 /* muscleRecordApp.swift in Sources */ = {isa = PBXBuildFile; fileRef = FD583530293B7FC900340F11 /* muscleRecordApp.swift */; };
		FD583533293B7FC900340F11 /* MainView.swift in Sources */ = {isa = PBXBuildFile; fileRef = FD583532293B7FC900340F11 /* MainView.swift */; };
		FD583535293B7FCA00340F11 /* Assets.xcassets in Resources */ = {isa = PBXBuildFile; fileRef = FD583534293B7FCA00340F11 /* Assets.xcassets */; };
		FD583538293B7FCA00340F11 /* Preview Assets.xcassets in Resources */ = {isa = PBXBuildFile; fileRef = FD583537293B7FCA00340F11 /* Preview Assets.xcassets */; };
		FD611C2A2966CE2B003C3926 /* CalendarView.swift in Sources */ = {isa = PBXBuildFile; fileRef = FD611C292966CE2B003C3926 /* CalendarView.swift */; };
		FD611C2E2966D415003C3926 /* GraphView.swift in Sources */ = {isa = PBXBuildFile; fileRef = FD611C2D2966D415003C3926 /* GraphView.swift */; };
		FD7B6DCF298D0E19004E22D8 /* TrainingRecordView.swift in Sources */ = {isa = PBXBuildFile; fileRef = FD7B6DCE298D0E19004E22D8 /* TrainingRecordView.swift */; };
		FD933B3829BB0E120043717F /* User.swift in Sources */ = {isa = PBXBuildFile; fileRef = FD933B3729BB0E120043717F /* User.swift */; };
		FD9D93672993D88600060F4A /* SelectMenuView.swift in Sources */ = {isa = PBXBuildFile; fileRef = FD9D93662993D88600060F4A /* SelectMenuView.swift */; };
		FDA0A10D29BAD976001863A2 /* GoogleService-Info.plist in Resources */ = {isa = PBXBuildFile; fileRef = FDA0A10C29BAD976001863A2 /* GoogleService-Info.plist */; };
		FDB561FF2944278B00966CD7 /* RecordView.swift in Sources */ = {isa = PBXBuildFile; fileRef = FDB561FE2944278B00966CD7 /* RecordView.swift */; };
		FDB5620329442A6600966CD7 /* ResultView.swift in Sources */ = {isa = PBXBuildFile; fileRef = FDB5620229442A6600966CD7 /* ResultView.swift */; };
		FDB56205294436F300966CD7 /* AddButton.swift in Sources */ = {isa = PBXBuildFile; fileRef = FDB56204294436F300966CD7 /* AddButton.swift */; };
		FDFCEF3529BAFBE00047D660 /* GoogleButtonViewController.swift in Sources */ = {isa = PBXBuildFile; fileRef = FDFCEF3429BAFBE00047D660 /* GoogleButtonViewController.swift */; };
/* End PBXBuildFile section */

/* Begin PBXFileReference section */
		9510FD7DC010467416EC7148 /* Pods-muscleRecord.release.xcconfig */ = {isa = PBXFileReference; includeInIndex = 1; lastKnownFileType = text.xcconfig; name = "Pods-muscleRecord.release.xcconfig"; path = "Target Support Files/Pods-muscleRecord/Pods-muscleRecord.release.xcconfig"; sourceTree = "<group>"; };
		AD73AA6DBC1074FEB24CF820 /* Pods_muscleRecord.framework */ = {isa = PBXFileReference; explicitFileType = wrapper.framework; includeInIndex = 0; path = Pods_muscleRecord.framework; sourceTree = BUILT_PRODUCTS_DIR; };
		FD07E88129BAA4D70048E96D /* GoogleSignInButtonView.swift */ = {isa = PBXFileReference; lastKnownFileType = sourcecode.swift; path = GoogleSignInButtonView.swift; sourceTree = "<group>"; };
		FD11925029AB6C4E00EF505D /* RecordDataStore.swift */ = {isa = PBXFileReference; lastKnownFileType = sourcecode.swift; path = RecordDataStore.swift; sourceTree = "<group>"; };
		FD11925229AB6CCD00EF505D /* RecordViewModel.swift */ = {isa = PBXFileReference; lastKnownFileType = sourcecode.swift; path = RecordViewModel.swift; sourceTree = "<group>"; };
		FD11925729AB7C7C00EF505D /* DateFormatHelper.swift */ = {isa = PBXFileReference; lastKnownFileType = sourcecode.swift; path = DateFormatHelper.swift; sourceTree = "<group>"; };
		FD11925929AB814800EF505D /* ProfileView.swift */ = {isa = PBXFileReference; lastKnownFileType = sourcecode.swift; path = ProfileView.swift; sourceTree = "<group>"; };
		FD58352D293B7FC900340F11 /* muscleRecord.app */ = {isa = PBXFileReference; explicitFileType = wrapper.application; includeInIndex = 0; path = muscleRecord.app; sourceTree = BUILT_PRODUCTS_DIR; };
		FD583530293B7FC900340F11 /* muscleRecordApp.swift */ = {isa = PBXFileReference; lastKnownFileType = sourcecode.swift; path = muscleRecordApp.swift; sourceTree = "<group>"; };
		FD583532293B7FC900340F11 /* MainView.swift */ = {isa = PBXFileReference; lastKnownFileType = sourcecode.swift; path = MainView.swift; sourceTree = "<group>"; };
		FD583534293B7FCA00340F11 /* Assets.xcassets */ = {isa = PBXFileReference; lastKnownFileType = folder.assetcatalog; path = Assets.xcassets; sourceTree = "<group>"; };
		FD583537293B7FCA00340F11 /* Preview Assets.xcassets */ = {isa = PBXFileReference; lastKnownFileType = folder.assetcatalog; path = "Preview Assets.xcassets"; sourceTree = "<group>"; };
		FD611C292966CE2B003C3926 /* CalendarView.swift */ = {isa = PBXFileReference; lastKnownFileType = sourcecode.swift; path = CalendarView.swift; sourceTree = "<group>"; };
		FD611C2D2966D415003C3926 /* GraphView.swift */ = {isa = PBXFileReference; lastKnownFileType = sourcecode.swift; path = GraphView.swift; sourceTree = "<group>"; };
		FD7B6DCE298D0E19004E22D8 /* TrainingRecordView.swift */ = {isa = PBXFileReference; lastKnownFileType = sourcecode.swift; path = TrainingRecordView.swift; sourceTree = "<group>"; };
		FD933B3729BB0E120043717F /* User.swift */ = {isa = PBXFileReference; lastKnownFileType = sourcecode.swift; path = User.swift; sourceTree = "<group>"; };
		FD9D93662993D88600060F4A /* SelectMenuView.swift */ = {isa = PBXFileReference; lastKnownFileType = sourcecode.swift; path = SelectMenuView.swift; sourceTree = "<group>"; };
		FDA0A10C29BAD976001863A2 /* GoogleService-Info.plist */ = {isa = PBXFileReference; fileEncoding = 4; lastKnownFileType = text.plist.xml; path = "GoogleService-Info.plist"; sourceTree = "<group>"; };
		FDB561FE2944278B00966CD7 /* RecordView.swift */ = {isa = PBXFileReference; lastKnownFileType = sourcecode.swift; path = RecordView.swift; sourceTree = "<group>"; };
		FDB5620229442A6600966CD7 /* ResultView.swift */ = {isa = PBXFileReference; lastKnownFileType = sourcecode.swift; path = ResultView.swift; sourceTree = "<group>"; };
		FDB56204294436F300966CD7 /* AddButton.swift */ = {isa = PBXFileReference; lastKnownFileType = sourcecode.swift; path = AddButton.swift; sourceTree = "<group>"; };
		FDEDB85229AE64F20006F276 /* Info.plist */ = {isa = PBXFileReference; lastKnownFileType = text.plist; path = Info.plist; sourceTree = "<group>"; };
		FDFCEF3429BAFBE00047D660 /* GoogleButtonViewController.swift */ = {isa = PBXFileReference; lastKnownFileType = sourcecode.swift; path = GoogleButtonViewController.swift; sourceTree = "<group>"; };
		FFB368935F2CA97C7AF400F5 /* Pods-muscleRecord.debug.xcconfig */ = {isa = PBXFileReference; includeInIndex = 1; lastKnownFileType = text.xcconfig; name = "Pods-muscleRecord.debug.xcconfig"; path = "Target Support Files/Pods-muscleRecord/Pods-muscleRecord.debug.xcconfig"; sourceTree = "<group>"; };
/* End PBXFileReference section */

/* Begin PBXFrameworksBuildPhase section */
		FD58352A293B7FC900340F11 /* Frameworks */ = {
			isa = PBXFrameworksBuildPhase;
			buildActionMask = 2147483647;
			files = (
				06285814141A66B2DF3F5D53 /* Pods_muscleRecord.framework in Frameworks */,
			);
			runOnlyForDeploymentPostprocessing = 0;
		};
/* End PBXFrameworksBuildPhase section */

/* Begin PBXGroup section */
		616AE62291FC4E82B8245E03 /* Pods */ = {
			isa = PBXGroup;
			children = (
				FFB368935F2CA97C7AF400F5 /* Pods-muscleRecord.debug.xcconfig */,
				9510FD7DC010467416EC7148 /* Pods-muscleRecord.release.xcconfig */,
			);
			path = Pods;
			sourceTree = "<group>";
		};
		E6A960291C5CA5AE33249798 /* Frameworks */ = {
			isa = PBXGroup;
			children = (
				AD73AA6DBC1074FEB24CF820 /* Pods_muscleRecord.framework */,
			);
			name = Frameworks;
			sourceTree = "<group>";
		};
		FD11924E29AB690F00EF505D /* DataStore */ = {
			isa = PBXGroup;
			children = (
				FD11925029AB6C4E00EF505D /* RecordDataStore.swift */,
			);
			path = DataStore;
			sourceTree = "<group>";
		};
		FD11924F29AB694500EF505D /* ViewModel */ = {
			isa = PBXGroup;
			children = (
				FD11925229AB6CCD00EF505D /* RecordViewModel.swift */,
				FD933B3729BB0E120043717F /* User.swift */,
			);
			path = ViewModel;
			sourceTree = "<group>";
		};
		FD11925629AB7C5600EF505D /* Helper */ = {
			isa = PBXGroup;
			children = (
				FD11925729AB7C7C00EF505D /* DateFormatHelper.swift */,
			);
			path = Helper;
			sourceTree = "<group>";
		};
		FD583524293B7FC900340F11 = {
			isa = PBXGroup;
			children = (
				FD58352F293B7FC900340F11 /* muscleRecord */,
				FD58352E293B7FC900340F11 /* Products */,
				616AE62291FC4E82B8245E03 /* Pods */,
				E6A960291C5CA5AE33249798 /* Frameworks */,
			);
			sourceTree = "<group>";
		};
		FD58352E293B7FC900340F11 /* Products */ = {
			isa = PBXGroup;
			children = (
				FD58352D293B7FC900340F11 /* muscleRecord.app */,
			);
			name = Products;
			sourceTree = "<group>";
		};
		FD58352F293B7FC900340F11 /* muscleRecord */ = {
			isa = PBXGroup;
			children = (
				FDEDB85229AE64F20006F276 /* Info.plist */,
				FDB561FD2944278000966CD7 /* View */,
				FD11924F29AB694500EF505D /* ViewModel */,
				FD11924E29AB690F00EF505D /* DataStore */,
				FD11925629AB7C5600EF505D /* Helper */,
				FD583530293B7FC900340F11 /* muscleRecordApp.swift */,
				FD583534293B7FCA00340F11 /* Assets.xcassets */,
				FDA0A10C29BAD976001863A2 /* GoogleService-Info.plist */,
				FD583536293B7FCA00340F11 /* Preview Content */,
			);
			path = muscleRecord;
			sourceTree = "<group>";
		};
		FD583536293B7FCA00340F11 /* Preview Content */ = {
			isa = PBXGroup;
			children = (
				FD583537293B7FCA00340F11 /* Preview Assets.xcassets */,
			);
			path = "Preview Content";
			sourceTree = "<group>";
		};
		FD9D93682993DBE200060F4A /* Button */ = {
			isa = PBXGroup;
			children = (
				FDB56204294436F300966CD7 /* AddButton.swift */,
				FD07E88129BAA4D70048E96D /* GoogleSignInButtonView.swift */,
				FDFCEF3429BAFBE00047D660 /* GoogleButtonViewController.swift */,
			);
			path = Button;
			sourceTree = "<group>";
		};
		FDB561FD2944278000966CD7 /* View */ = {
			isa = PBXGroup;
			children = (
				FD11925929AB814800EF505D /* ProfileView.swift */,
				FD583532293B7FC900340F11 /* MainView.swift */,
				FDB561FE2944278B00966CD7 /* RecordView.swift */,
				FDB5620229442A6600966CD7 /* ResultView.swift */,
				FD611C292966CE2B003C3926 /* CalendarView.swift */,
				FD611C2D2966D415003C3926 /* GraphView.swift */,
				FD7B6DCE298D0E19004E22D8 /* TrainingRecordView.swift */,
				FD9D93662993D88600060F4A /* SelectMenuView.swift */,
				FD9D93682993DBE200060F4A /* Button */,
			);
			path = View;
			sourceTree = "<group>";
		};
/* End PBXGroup section */

/* Begin PBXNativeTarget section */
		FD58352C293B7FC900340F11 /* muscleRecord */ = {
			isa = PBXNativeTarget;
			buildConfigurationList = FD58353B293B7FCA00340F11 /* Build configuration list for PBXNativeTarget "muscleRecord" */;
			buildPhases = (
				301B0F58BF81B3BF6E9C197F /* [CP] Check Pods Manifest.lock */,
				FD583529293B7FC900340F11 /* Sources */,
				FD58352A293B7FC900340F11 /* Frameworks */,
				FD58352B293B7FC900340F11 /* Resources */,
				5173CD6B74A26A09F568E2FD /* [CP] Embed Pods Frameworks */,
			);
			buildRules = (
			);
			dependencies = (
			);
			name = muscleRecord;
			productName = muscleRecord;
			productReference = FD58352D293B7FC900340F11 /* muscleRecord.app */;
			productType = "com.apple.product-type.application";
		};
/* End PBXNativeTarget section */

/* Begin PBXProject section */
		FD583525293B7FC900340F11 /* Project object */ = {
			isa = PBXProject;
			attributes = {
				BuildIndependentTargetsInParallel = 1;
				LastSwiftUpdateCheck = 1410;
				LastUpgradeCheck = 1410;
				TargetAttributes = {
					FD58352C293B7FC900340F11 = {
						CreatedOnToolsVersion = 14.1;
					};
				};
			};
			buildConfigurationList = FD583528293B7FC900340F11 /* Build configuration list for PBXProject "muscleRecord" */;
			compatibilityVersion = "Xcode 14.0";
			developmentRegion = en;
			hasScannedForEncodings = 0;
			knownRegions = (
				en,
				Base,
			);
			mainGroup = FD583524293B7FC900340F11;
			productRefGroup = FD58352E293B7FC900340F11 /* Products */;
			projectDirPath = "";
			projectRoot = "";
			targets = (
				FD58352C293B7FC900340F11 /* muscleRecord */,
			);
		};
/* End PBXProject section */

/* Begin PBXResourcesBuildPhase section */
		FD58352B293B7FC900340F11 /* Resources */ = {
			isa = PBXResourcesBuildPhase;
			buildActionMask = 2147483647;
			files = (
				FD583538293B7FCA00340F11 /* Preview Assets.xcassets in Resources */,
				FDA0A10D29BAD976001863A2 /* GoogleService-Info.plist in Resources */,
				FD583535293B7FCA00340F11 /* Assets.xcassets in Resources */,
			);
			runOnlyForDeploymentPostprocessing = 0;
		};
/* End PBXResourcesBuildPhase section */

/* Begin PBXShellScriptBuildPhase section */
		301B0F58BF81B3BF6E9C197F /* [CP] Check Pods Manifest.lock */ = {
			isa = PBXShellScriptBuildPhase;
			buildActionMask = 2147483647;
			files = (
			);
			inputFileListPaths = (
			);
			inputPaths = (
				"${PODS_PODFILE_DIR_PATH}/Podfile.lock",
				"${PODS_ROOT}/Manifest.lock",
			);
			name = "[CP] Check Pods Manifest.lock";
			outputFileListPaths = (
			);
			outputPaths = (
				"$(DERIVED_FILE_DIR)/Pods-muscleRecord-checkManifestLockResult.txt",
			);
			runOnlyForDeploymentPostprocessing = 0;
			shellPath = /bin/sh;
			shellScript = "diff \"${PODS_PODFILE_DIR_PATH}/Podfile.lock\" \"${PODS_ROOT}/Manifest.lock\" > /dev/null\nif [ $? != 0 ] ; then\n    # print error to STDERR\n    echo \"error: The sandbox is not in sync with the Podfile.lock. Run 'pod install' or update your CocoaPods installation.\" >&2\n    exit 1\nfi\n# This output is used by Xcode 'outputs' to avoid re-running this script phase.\necho \"SUCCESS\" > \"${SCRIPT_OUTPUT_FILE_0}\"\n";
			showEnvVarsInLog = 0;
		};
		5173CD6B74A26A09F568E2FD /* [CP] Embed Pods Frameworks */ = {
			isa = PBXShellScriptBuildPhase;
			buildActionMask = 2147483647;
			files = (
			);
			inputFileListPaths = (
				"${PODS_ROOT}/Target Support Files/Pods-muscleRecord/Pods-muscleRecord-frameworks-${CONFIGURATION}-input-files.xcfilelist",
			);
			name = "[CP] Embed Pods Frameworks";
			outputFileListPaths = (
				"${PODS_ROOT}/Target Support Files/Pods-muscleRecord/Pods-muscleRecord-frameworks-${CONFIGURATION}-output-files.xcfilelist",
			);
			runOnlyForDeploymentPostprocessing = 0;
			shellPath = /bin/sh;
			shellScript = "\"${PODS_ROOT}/Target Support Files/Pods-muscleRecord/Pods-muscleRecord-frameworks.sh\"\n";
			showEnvVarsInLog = 0;
		};
/* End PBXShellScriptBuildPhase section */

/* Begin PBXSourcesBuildPhase section */
		FD583529293B7FC900340F11 /* Sources */ = {
			isa = PBXSourcesBuildPhase;
			buildActionMask = 2147483647;
			files = (
				FDFCEF3529BAFBE00047D660 /* GoogleButtonViewController.swift in Sources */,
				FD583533293B7FC900340F11 /* MainView.swift in Sources */,
				FD11925A29AB814800EF505D /* ProfileView.swift in Sources */,
				FD611C2E2966D415003C3926 /* GraphView.swift in Sources */,
				FD933B3829BB0E120043717F /* User.swift in Sources */,
				FD11925129AB6C4E00EF505D /* RecordDataStore.swift in Sources */,
				FD9D93672993D88600060F4A /* SelectMenuView.swift in Sources */,
				FD7B6DCF298D0E19004E22D8 /* TrainingRecordView.swift in Sources */,
				FD611C2A2966CE2B003C3926 /* CalendarView.swift in Sources */,
				FD07E88229BAA4D70048E96D /* GoogleSignInButtonView.swift in Sources */,
				FDB5620329442A6600966CD7 /* ResultView.swift in Sources */,
				FD11925329AB6CCD00EF505D /* RecordViewModel.swift in Sources */,
				FD11925829AB7C7C00EF505D /* DateFormatHelper.swift in Sources */,
				FDB561FF2944278B00966CD7 /* RecordView.swift in Sources */,
				FDB56205294436F300966CD7 /* AddButton.swift in Sources */,
				FD583531293B7FC900340F11 /* muscleRecordApp.swift in Sources */,
			);
			runOnlyForDeploymentPostprocessing = 0;
		};
/* End PBXSourcesBuildPhase section */

/* Begin XCBuildConfiguration section */
		FD583539293B7FCA00340F11 /* Debug */ = {
			isa = XCBuildConfiguration;
			buildSettings = {
				ALWAYS_SEARCH_USER_PATHS = NO;
				CLANG_ANALYZER_NONNULL = YES;
				CLANG_ANALYZER_NUMBER_OBJECT_CONVERSION = YES_AGGRESSIVE;
				CLANG_CXX_LANGUAGE_STANDARD = "gnu++20";
				CLANG_ENABLE_MODULES = YES;
				CLANG_ENABLE_OBJC_ARC = YES;
				CLANG_ENABLE_OBJC_WEAK = YES;
				CLANG_WARN_BLOCK_CAPTURE_AUTORELEASING = YES;
				CLANG_WARN_BOOL_CONVERSION = YES;
				CLANG_WARN_COMMA = YES;
				CLANG_WARN_CONSTANT_CONVERSION = YES;
				CLANG_WARN_DEPRECATED_OBJC_IMPLEMENTATIONS = YES;
				CLANG_WARN_DIRECT_OBJC_ISA_USAGE = YES_ERROR;
				CLANG_WARN_DOCUMENTATION_COMMENTS = YES;
				CLANG_WARN_EMPTY_BODY = YES;
				CLANG_WARN_ENUM_CONVERSION = YES;
				CLANG_WARN_INFINITE_RECURSION = YES;
				CLANG_WARN_INT_CONVERSION = YES;
				CLANG_WARN_NON_LITERAL_NULL_CONVERSION = YES;
				CLANG_WARN_OBJC_IMPLICIT_RETAIN_SELF = YES;
				CLANG_WARN_OBJC_LITERAL_CONVERSION = YES;
				CLANG_WARN_OBJC_ROOT_CLASS = YES_ERROR;
				CLANG_WARN_QUOTED_INCLUDE_IN_FRAMEWORK_HEADER = YES;
				CLANG_WARN_RANGE_LOOP_ANALYSIS = YES;
				CLANG_WARN_STRICT_PROTOTYPES = YES;
				CLANG_WARN_SUSPICIOUS_MOVE = YES;
				CLANG_WARN_UNGUARDED_AVAILABILITY = YES_AGGRESSIVE;
				CLANG_WARN_UNREACHABLE_CODE = YES;
				CLANG_WARN__DUPLICATE_METHOD_MATCH = YES;
				COPY_PHASE_STRIP = NO;
				DEBUG_INFORMATION_FORMAT = dwarf;
				ENABLE_STRICT_OBJC_MSGSEND = YES;
				ENABLE_TESTABILITY = YES;
				GCC_C_LANGUAGE_STANDARD = gnu11;
				GCC_DYNAMIC_NO_PIC = NO;
				GCC_NO_COMMON_BLOCKS = YES;
				GCC_OPTIMIZATION_LEVEL = 0;
				GCC_PREPROCESSOR_DEFINITIONS = (
					"DEBUG=1",
					"$(inherited)",
				);
				GCC_WARN_64_TO_32_BIT_CONVERSION = YES;
				GCC_WARN_ABOUT_RETURN_TYPE = YES_ERROR;
				GCC_WARN_UNDECLARED_SELECTOR = YES;
				GCC_WARN_UNINITIALIZED_AUTOS = YES_AGGRESSIVE;
				GCC_WARN_UNUSED_FUNCTION = YES;
				GCC_WARN_UNUSED_VARIABLE = YES;
				IPHONEOS_DEPLOYMENT_TARGET = 14.0;
				MTL_ENABLE_DEBUG_INFO = INCLUDE_SOURCE;
				MTL_FAST_MATH = YES;
				ONLY_ACTIVE_ARCH = YES;
				SDKROOT = iphoneos;
				SWIFT_ACTIVE_COMPILATION_CONDITIONS = DEBUG;
				SWIFT_OPTIMIZATION_LEVEL = "-Onone";
			};
			name = Debug;
		};
		FD58353A293B7FCA00340F11 /* Release */ = {
			isa = XCBuildConfiguration;
			buildSettings = {
				ALWAYS_SEARCH_USER_PATHS = NO;
				CLANG_ANALYZER_NONNULL = YES;
				CLANG_ANALYZER_NUMBER_OBJECT_CONVERSION = YES_AGGRESSIVE;
				CLANG_CXX_LANGUAGE_STANDARD = "gnu++20";
				CLANG_ENABLE_MODULES = YES;
				CLANG_ENABLE_OBJC_ARC = YES;
				CLANG_ENABLE_OBJC_WEAK = YES;
				CLANG_WARN_BLOCK_CAPTURE_AUTORELEASING = YES;
				CLANG_WARN_BOOL_CONVERSION = YES;
				CLANG_WARN_COMMA = YES;
				CLANG_WARN_CONSTANT_CONVERSION = YES;
				CLANG_WARN_DEPRECATED_OBJC_IMPLEMENTATIONS = YES;
				CLANG_WARN_DIRECT_OBJC_ISA_USAGE = YES_ERROR;
				CLANG_WARN_DOCUMENTATION_COMMENTS = YES;
				CLANG_WARN_EMPTY_BODY = YES;
				CLANG_WARN_ENUM_CONVERSION = YES;
				CLANG_WARN_INFINITE_RECURSION = YES;
				CLANG_WARN_INT_CONVERSION = YES;
				CLANG_WARN_NON_LITERAL_NULL_CONVERSION = YES;
				CLANG_WARN_OBJC_IMPLICIT_RETAIN_SELF = YES;
				CLANG_WARN_OBJC_LITERAL_CONVERSION = YES;
				CLANG_WARN_OBJC_ROOT_CLASS = YES_ERROR;
				CLANG_WARN_QUOTED_INCLUDE_IN_FRAMEWORK_HEADER = YES;
				CLANG_WARN_RANGE_LOOP_ANALYSIS = YES;
				CLANG_WARN_STRICT_PROTOTYPES = YES;
				CLANG_WARN_SUSPICIOUS_MOVE = YES;
				CLANG_WARN_UNGUARDED_AVAILABILITY = YES_AGGRESSIVE;
				CLANG_WARN_UNREACHABLE_CODE = YES;
				CLANG_WARN__DUPLICATE_METHOD_MATCH = YES;
				COPY_PHASE_STRIP = NO;
				DEBUG_INFORMATION_FORMAT = "dwarf-with-dsym";
				ENABLE_NS_ASSERTIONS = NO;
				ENABLE_STRICT_OBJC_MSGSEND = YES;
				GCC_C_LANGUAGE_STANDARD = gnu11;
				GCC_NO_COMMON_BLOCKS = YES;
				GCC_WARN_64_TO_32_BIT_CONVERSION = YES;
				GCC_WARN_ABOUT_RETURN_TYPE = YES_ERROR;
				GCC_WARN_UNDECLARED_SELECTOR = YES;
				GCC_WARN_UNINITIALIZED_AUTOS = YES_AGGRESSIVE;
				GCC_WARN_UNUSED_FUNCTION = YES;
				GCC_WARN_UNUSED_VARIABLE = YES;
				IPHONEOS_DEPLOYMENT_TARGET = 14.0;
				MTL_ENABLE_DEBUG_INFO = NO;
				MTL_FAST_MATH = YES;
				SDKROOT = iphoneos;
				SWIFT_COMPILATION_MODE = wholemodule;
				SWIFT_OPTIMIZATION_LEVEL = "-O";
				VALIDATE_PRODUCT = YES;
			};
			name = Release;
		};
		FD58353C293B7FCA00340F11 /* Debug */ = {
			isa = XCBuildConfiguration;
			baseConfigurationReference = FFB368935F2CA97C7AF400F5 /* Pods-muscleRecord.debug.xcconfig */;
			buildSettings = {
				ASSETCATALOG_COMPILER_APPICON_NAME = AppIcon;
				ASSETCATALOG_COMPILER_GLOBAL_ACCENT_COLOR_NAME = AccentColor;
				CODE_SIGN_STYLE = Automatic;
				CURRENT_PROJECT_VERSION = 1;
				DEVELOPMENT_ASSET_PATHS = "\"muscleRecord/Preview Content\"";
				DEVELOPMENT_TEAM = B9WD868NNN;
				ENABLE_PREVIEWS = YES;
				GENERATE_INFOPLIST_FILE = YES;
				INFOPLIST_FILE = muscleRecord/Info.plist;
				INFOPLIST_KEY_UIApplicationSceneManifest_Generation = YES;
				INFOPLIST_KEY_UIApplicationSupportsIndirectInputEvents = YES;
				INFOPLIST_KEY_UILaunchScreen_Generation = YES;
				INFOPLIST_KEY_UISupportedInterfaceOrientations_iPad = "UIInterfaceOrientationPortrait UIInterfaceOrientationPortraitUpsideDown UIInterfaceOrientationLandscapeLeft UIInterfaceOrientationLandscapeRight";
				INFOPLIST_KEY_UISupportedInterfaceOrientations_iPhone = "UIInterfaceOrientationPortrait UIInterfaceOrientationLandscapeLeft UIInterfaceOrientationLandscapeRight";
				IPHONEOS_DEPLOYMENT_TARGET = 14.0;
				LD_RUNPATH_SEARCH_PATHS = (
					"$(inherited)",
					"@executable_path/Frameworks",
				);
				MARKETING_VERSION = 1.0;
				PRODUCT_BUNDLE_IDENTIFIER = emiri.muscleRecord;
				PRODUCT_NAME = "$(TARGET_NAME)";
				SWIFT_EMIT_LOC_STRINGS = YES;
				SWIFT_VERSION = 5.0;
				TARGETED_DEVICE_FAMILY = "1,2";
			};
			name = Debug;
		};
		FD58353D293B7FCA00340F11 /* Release */ = {
			isa = XCBuildConfiguration;
			baseConfigurationReference = 9510FD7DC010467416EC7148 /* Pods-muscleRecord.release.xcconfig */;
			buildSettings = {
				ASSETCATALOG_COMPILER_APPICON_NAME = AppIcon;
				ASSETCATALOG_COMPILER_GLOBAL_ACCENT_COLOR_NAME = AccentColor;
				CODE_SIGN_STYLE = Automatic;
				CURRENT_PROJECT_VERSION = 1;
				DEVELOPMENT_ASSET_PATHS = "\"muscleRecord/Preview Content\"";
				DEVELOPMENT_TEAM = B9WD868NNN;
				ENABLE_PREVIEWS = YES;
				GENERATE_INFOPLIST_FILE = YES;
				INFOPLIST_FILE = muscleRecord/Info.plist;
				INFOPLIST_KEY_UIApplicationSceneManifest_Generation = YES;
				INFOPLIST_KEY_UIApplicationSupportsIndirectInputEvents = YES;
				INFOPLIST_KEY_UILaunchScreen_Generation = YES;
				INFOPLIST_KEY_UISupportedInterfaceOrientations_iPad = "UIInterfaceOrientationPortrait UIInterfaceOrientationPortraitUpsideDown UIInterfaceOrientationLandscapeLeft UIInterfaceOrientationLandscapeRight";
				INFOPLIST_KEY_UISupportedInterfaceOrientations_iPhone = "UIInterfaceOrientationPortrait UIInterfaceOrientationLandscapeLeft UIInterfaceOrientationLandscapeRight";
				IPHONEOS_DEPLOYMENT_TARGET = 14.0;
				LD_RUNPATH_SEARCH_PATHS = (
					"$(inherited)",
					"@executable_path/Frameworks",
				);
				MARKETING_VERSION = 1.0;
				PRODUCT_BUNDLE_IDENTIFIER = emiri.muscleRecord;
				PRODUCT_NAME = "$(TARGET_NAME)";
				SWIFT_EMIT_LOC_STRINGS = YES;
				SWIFT_VERSION = 5.0;
				TARGETED_DEVICE_FAMILY = "1,2";
			};
			name = Release;
		};
/* End XCBuildConfiguration section */

/* Begin XCConfigurationList section */
		FD583528293B7FC900340F11 /* Build configuration list for PBXProject "muscleRecord" */ = {
			isa = XCConfigurationList;
			buildConfigurations = (
				FD583539293B7FCA00340F11 /* Debug */,
				FD58353A293B7FCA00340F11 /* Release */,
			);
			defaultConfigurationIsVisible = 0;
			defaultConfigurationName = Release;
		};
		FD58353B293B7FCA00340F11 /* Build configuration list for PBXNativeTarget "muscleRecord" */ = {
			isa = XCConfigurationList;
			buildConfigurations = (
				FD58353C293B7FCA00340F11 /* Debug */,
				FD58353D293B7FCA00340F11 /* Release */,
			);
			defaultConfigurationIsVisible = 0;
			defaultConfigurationName = Release;
		};
/* End XCConfigurationList section */
	};
	rootObject = FD583525293B7FC900340F11 /* Project object */;
}
